
Microsoft Visual Studio Solution File, Format Version 12.00
# Visual Studio Version 16
VisualStudioVersion = 16.0.29905.134
MinimumVisualStudioVersion = 10.0.40219.1
Project("{888888A0-9F3D-457C-B088-3A5042F75D52}") = "fakenews", "fakenews.pyproj", "{29A77400-3B18-4314-9EA1-B41CC302AE40}"
EndProject
Global
	GlobalSection(SolutionConfigurationPlatforms) = preSolution
		Debug|Any CPU = Debug|Any CPU
		Release|Any CPU = Release|Any CPU
	EndGlobalSection
	GlobalSection(ProjectConfigurationPlatforms) = postSolution
		{29A77400-3B18-4314-9EA1-B41CC302AE40}.Debug|Any CPU.ActiveCfg = Debug|Any CPU
		{29A77400-3B18-4314-9EA1-B41CC302AE40}.Debug|Any CPU.Build.0 = Debug|Any CPU
		{29A77400-3B18-4314-9EA1-B41CC302AE40}.Release|Any CPU.ActiveCfg = Release|Any CPU
		{29A77400-3B18-4314-9EA1-B41CC302AE40}.Release|Any CPU.Build.0 = Release|Any CPU
	EndGlobalSection
	GlobalSection(SolutionProperties) = preSolution
		HideSolutionNode = FALSE
	EndGlobalSection
	GlobalSection(ExtensibilityGlobals) = postSolution
		SolutionGuid = {33571BEB-2780-4683-B51C-2CFF0335040F}
	EndGlobalSection
EndGlobal
